version = 1
revision = 2
requires-python = ">=3.13"

[[package]]
name = "pulsectl"
version = "24.12.0"
source = { registry = "https://pypi.org/simple" }
sdist = { url = "https://files.pythonhosted.org/packages/f5/c5/f070a8c5f0a5742f7aebb5d90869ee1805174c03928dfafd3833de58bd57/pulsectl-24.12.0.tar.gz", hash = "sha256:288d6715232ac6f3dcdb123fbecaa2c0b9a50ea4087e6e87c3f841ab0a8a07fc", size = 41200, upload-time = "2024-12-26T13:22:57.389Z" }
wheels = [
    { url = "https://files.pythonhosted.org/packages/62/a9/5b119f86dd1a053c55da7d0355fca2ad215bae6f7f4777d46b307a8cc3e9/pulsectl-24.12.0-py2.py3-none-any.whl", hash = "sha256:13a60be940594f03ead3245b3dfe3aff4a3f9a792af347674bde5e716d4f76d2", size = 35133, upload-time = "2024-12-26T13:22:53.395Z" },
]

[[package]]
name = "switch-pulseaudio-sink"
version = "0.1.0"
source = { virtual = "." }
dependencies = [
    { name = "pulsectl" },
]

[package.metadata]
requires-dist = [{ name = "pulsectl", specifier = ">=24.12.0" }]
